
Microsoft Visual Studio Solution File, Format Version 12.00
# Visual Studio Version 16
VisualStudioVersion = 16.0.31702.278
MinimumVisualStudioVersion = 15.0.26124.0
Project("{2150E333-8FDC-42A3-9474-1A3956D46DE8}") = "Domain", "Domain", "{0A6B13A1-AF2B-4CB0-B8F5-AA86E09A1A7D}"
EndProject
Project("{2150E333-8FDC-42A3-9474-1A3956D46DE8}") = "Application", "Application", "{C57AB1CD-388E-4F5B-AFA0-C9853140BA31}"
EndProject
Project("{2150E333-8FDC-42A3-9474-1A3956D46DE8}") = "Infrastructure", "Infrastructure", "{7FDCC461-80D9-4511-BBC0-1546D2345865}"
EndProject
Project("{2150E333-8FDC-42A3-9474-1A3956D46DE8}") = "Web", "Web", "{218CDC17-F7FB-4A55-9469-7A044E0B00AC}"
EndProject
Project("{2150E333-8FDC-42A3-9474-1A3956D46DE8}") = "src", "src", "{D3C5DFD5-6C52-4AFE-B4D2-B0833DC30405}"
EndProject
Project("{2150E333-8FDC-42A3-9474-1A3956D46DE8}") = "test", "test", "{4EBF7603-798C-4FAE-8CBD-F6C5096CEF92}"
EndProject
Project("{2150E333-8FDC-42A3-9474-1A3956D46DE8}") = "UnitTest", "UnitTest", "{AA25EEC9-79EF-4E90-A021-377E8BBDD0CE}"
EndProject
Project("{2150E333-8FDC-42A3-9474-1A3956D46DE8}") = "IntergrationTest", "IntergrationTest", "{D317798B-6EF2-4CB0-9634-B9ED5F83C99F}"
EndProject
Project("{9A19103F-16F7-4668-BE54-9A1E7A4F7556}") = "AzureBlobStorageWebAPI.Application", "src\Application\AzureBlobStorageWebAPI.Application\AzureBlobStorageWebAPI.Application.csproj", "{44303BD6-B801-4B3E-9528-31EFD6E9671D}"
EndProject
Project("{9A19103F-16F7-4668-BE54-9A1E7A4F7556}") = "AzureBlobStorageWebAPI.Domain", "src\Domain\AzureBlobStorageWebAPI.Domain\AzureBlobStorageWebAPI.Domain.csproj", "{19FE8CCF-4865-458B-8B99-E75B0AF853AB}"
EndProject
Project("{9A19103F-16F7-4668-BE54-9A1E7A4F7556}") = "AzureBlobStorageWebAPI.SQLRepository", "src\Infrastructure\AzureBlobStorageWebAPI.SQLRepository\AzureBlobStorageWebAPI.SQLRepository.csproj", "{A58A7F63-C712-406E-B67C-7D717618491D}"
EndProject
Project("{9A19103F-16F7-4668-BE54-9A1E7A4F7556}") = "AzureBlobStorageWebAPI.API", "src\Web\AzureBlobStorageWebAPI.API\AzureBlobStorageWebAPI.API.csproj", "{595AAC9C-F2CB-4199-8B3E-9ED13886C44A}"
EndProject
Project("{FAE04EC0-301F-11D3-BF4B-00C04F79EFBC}") = "AzureBlobStorageWebAPI.CosmosRepository", "src\Infrastructure\AzureBlobStorageWebAPI.CosmosRepository\AzureBlobStorageWebAPI.CosmosRepository.csproj", "{7A76E811-19B5-4F8B-90C2-0BD508BCF525}"
EndProject
Project("{FAE04EC0-301F-11D3-BF4B-00C04F79EFBC}") = "AzureBlobStorageWebAPI.ThirtPartyServices", "src\Infrastructure\AzureBlobStorageWebAPI.ThirtPartyServices\AzureBlobStorageWebAPI.ThirtPartyServices.csproj", "{FB65ABE7-0863-4E4F-84F3-6F34E8CFC7F9}"
EndProject
Global
	GlobalSection(SolutionConfigurationPlatforms) = preSolution
		Debug|Any CPU = Debug|Any CPU
		Release|Any CPU = Release|Any CPU
	EndGlobalSection
	GlobalSection(ProjectConfigurationPlatforms) = postSolution
		{44303BD6-B801-4B3E-9528-31EFD6E9671D}.Debug|Any CPU.ActiveCfg = Debug|Any CPU
		{44303BD6-B801-4B3E-9528-31EFD6E9671D}.Debug|Any CPU.Build.0 = Debug|Any CPU
		{44303BD6-B801-4B3E-9528-31EFD6E9671D}.Release|Any CPU.ActiveCfg = Release|Any CPU
		{44303BD6-B801-4B3E-9528-31EFD6E9671D}.Release|Any CPU.Build.0 = Release|Any CPU
		{19FE8CCF-4865-458B-8B99-E75B0AF853AB}.Debug|Any CPU.ActiveCfg = Debug|Any CPU
		{19FE8CCF-4865-458B-8B99-E75B0AF853AB}.Debug|Any CPU.Build.0 = Debug|Any CPU
		{19FE8CCF-4865-458B-8B99-E75B0AF853AB}.Release|Any CPU.ActiveCfg = Release|Any CPU
		{19FE8CCF-4865-458B-8B99-E75B0AF853AB}.Release|Any CPU.Build.0 = Release|Any CPU
		{A58A7F63-C712-406E-B67C-7D717618491D}.Debug|Any CPU.ActiveCfg = Debug|Any CPU
		{A58A7F63-C712-406E-B67C-7D717618491D}.Debug|Any CPU.Build.0 = Debug|Any CPU
		{A58A7F63-C712-406E-B67C-7D717618491D}.Release|Any CPU.ActiveCfg = Release|Any CPU
		{A58A7F63-C712-406E-B67C-7D717618491D}.Release|Any CPU.Build.0 = Release|Any CPU
		{595AAC9C-F2CB-4199-8B3E-9ED13886C44A}.Debug|Any CPU.ActiveCfg = Debug|Any CPU
		{595AAC9C-F2CB-4199-8B3E-9ED13886C44A}.Debug|Any CPU.Build.0 = Debug|Any CPU
		{595AAC9C-F2CB-4199-8B3E-9ED13886C44A}.Release|Any CPU.ActiveCfg = Release|Any CPU
		{595AAC9C-F2CB-4199-8B3E-9ED13886C44A}.Release|Any CPU.Build.0 = Release|Any CPU
		{7A76E811-19B5-4F8B-90C2-0BD508BCF525}.Debug|Any CPU.ActiveCfg = Debug|Any CPU
		{7A76E811-19B5-4F8B-90C2-0BD508BCF525}.Debug|Any CPU.Build.0 = Debug|Any CPU
		{7A76E811-19B5-4F8B-90C2-0BD508BCF525}.Release|Any CPU.ActiveCfg = Release|Any CPU
		{7A76E811-19B5-4F8B-90C2-0BD508BCF525}.Release|Any CPU.Build.0 = Release|Any CPU
		{FB65ABE7-0863-4E4F-84F3-6F34E8CFC7F9}.Debug|Any CPU.ActiveCfg = Debug|Any CPU
		{FB65ABE7-0863-4E4F-84F3-6F34E8CFC7F9}.Debug|Any CPU.Build.0 = Debug|Any CPU
		{FB65ABE7-0863-4E4F-84F3-6F34E8CFC7F9}.Release|Any CPU.ActiveCfg = Release|Any CPU
		{FB65ABE7-0863-4E4F-84F3-6F34E8CFC7F9}.Release|Any CPU.Build.0 = Release|Any CPU
	EndGlobalSection
	GlobalSection(SolutionProperties) = preSolution
		HideSolutionNode = FALSE
	EndGlobalSection
	GlobalSection(NestedProjects) = preSolution
		{0A6B13A1-AF2B-4CB0-B8F5-AA86E09A1A7D} = {D3C5DFD5-6C52-4AFE-B4D2-B0833DC30405}
		{C57AB1CD-388E-4F5B-AFA0-C9853140BA31} = {D3C5DFD5-6C52-4AFE-B4D2-B0833DC30405}
		{7FDCC461-80D9-4511-BBC0-1546D2345865} = {D3C5DFD5-6C52-4AFE-B4D2-B0833DC30405}
		{218CDC17-F7FB-4A55-9469-7A044E0B00AC} = {D3C5DFD5-6C52-4AFE-B4D2-B0833DC30405}
		{AA25EEC9-79EF-4E90-A021-377E8BBDD0CE} = {4EBF7603-798C-4FAE-8CBD-F6C5096CEF92}
		{D317798B-6EF2-4CB0-9634-B9ED5F83C99F} = {4EBF7603-798C-4FAE-8CBD-F6C5096CEF92}
		{44303BD6-B801-4B3E-9528-31EFD6E9671D} = {C57AB1CD-388E-4F5B-AFA0-C9853140BA31}
		{19FE8CCF-4865-458B-8B99-E75B0AF853AB} = {0A6B13A1-AF2B-4CB0-B8F5-AA86E09A1A7D}
		{A58A7F63-C712-406E-B67C-7D717618491D} = {7FDCC461-80D9-4511-BBC0-1546D2345865}
		{595AAC9C-F2CB-4199-8B3E-9ED13886C44A} = {218CDC17-F7FB-4A55-9469-7A044E0B00AC}
		{7A76E811-19B5-4F8B-90C2-0BD508BCF525} = {7FDCC461-80D9-4511-BBC0-1546D2345865}
		{FB65ABE7-0863-4E4F-84F3-6F34E8CFC7F9} = {7FDCC461-80D9-4511-BBC0-1546D2345865}
	EndGlobalSection
	GlobalSection(ExtensibilityGlobals) = postSolution
		SolutionGuid = {F9CBED8A-C287-4614-8364-48A1AE121ACE}
	EndGlobalSection
EndGlobal
